
Microsoft Visual Studio Solution File, Format Version 12.00
# Visual Studio Version 16
VisualStudioVersion = 16.0.31702.278
MinimumVisualStudioVersion = 10.0.40219.1
Project("{FAE04EC0-301F-11D3-BF4B-00C04F79EFBC}") = "RFIDManagerApps", "RFIDManagerApps\RFIDManagerApps.csproj", "{598DAF72-15BD-456B-A362-B1FFC943AC1C}"
EndProject
Global
	GlobalSection(SolutionConfigurationPlatforms) = preSolution
		Debug|Any CPU = Debug|Any CPU
		Release|Any CPU = Release|Any CPU
	EndGlobalSection
	GlobalSection(ProjectConfigurationPlatforms) = postSolution
		{598DAF72-15BD-456B-A362-B1FFC943AC1C}.Debug|Any CPU.ActiveCfg = Debug|Any CPU
		{598DAF72-15BD-456B-A362-B1FFC943AC1C}.Debug|Any CPU.Build.0 = Debug|Any CPU
		{598DAF72-15BD-456B-A362-B1FFC943AC1C}.Release|Any CPU.ActiveCfg = Release|Any CPU
		{598DAF72-15BD-456B-A362-B1FFC943AC1C}.Release|Any CPU.Build.0 = Release|Any CPU
	EndGlobalSection
	GlobalSection(SolutionProperties) = preSolution
		HideSolutionNode = FALSE
	EndGlobalSection
	GlobalSection(ExtensibilityGlobals) = postSolution
		SolutionGuid = {167647EF-49D7-413A-B0BD-5A7CF45878B7}
	EndGlobalSection
EndGlobal
