
Microsoft Visual Studio Solution File, Format Version 12.00
# Visual Studio Version 16
VisualStudioVersion = 16.0.32802.440
MinimumVisualStudioVersion = 10.0.40219.1
Project("{FAE04EC0-301F-11D3-BF4B-00C04F79EFBC}") = "Exam", "Exam\Exam.csproj", "{40A2D95B-C797-437D-B7C0-FB5D6FF0B619}"
EndProject
Global
	GlobalSection(SolutionConfigurationPlatforms) = preSolution
		Debug|Any CPU = Debug|Any CPU
		Release|Any CPU = Release|Any CPU
	EndGlobalSection
	GlobalSection(ProjectConfigurationPlatforms) = postSolution
		{40A2D95B-C797-437D-B7C0-FB5D6FF0B619}.Debug|Any CPU.ActiveCfg = Debug|Any CPU
		{40A2D95B-C797-437D-B7C0-FB5D6FF0B619}.Debug|Any CPU.Build.0 = Debug|Any CPU
		{40A2D95B-C797-437D-B7C0-FB5D6FF0B619}.Release|Any CPU.ActiveCfg = Release|Any CPU
		{40A2D95B-C797-437D-B7C0-FB5D6FF0B619}.Release|Any CPU.Build.0 = Release|Any CPU
	EndGlobalSection
	GlobalSection(SolutionProperties) = preSolution
		HideSolutionNode = FALSE
	EndGlobalSection
	GlobalSection(ExtensibilityGlobals) = postSolution
		SolutionGuid = {394FD0C2-BB2A-4875-AA36-14558D9F19A4}
	EndGlobalSection
EndGlobal
