
Microsoft Visual Studio Solution File, Format Version 12.00
# Visual Studio Version 16
VisualStudioVersion = 16.0.32802.440
MinimumVisualStudioVersion = 10.0.40219.1
Project("{FAE04EC0-301F-11D3-BF4B-00C04F79EFBC}") = "Project6", "Project6\Project6.csproj", "{97FCEBD2-37E0-4C7B-92E3-9E16CD1731C7}"
EndProject
Global
	GlobalSection(SolutionConfigurationPlatforms) = preSolution
		Debug|Any CPU = Debug|Any CPU
		Release|Any CPU = Release|Any CPU
	EndGlobalSection
	GlobalSection(ProjectConfigurationPlatforms) = postSolution
		{97FCEBD2-37E0-4C7B-92E3-9E16CD1731C7}.Debug|Any CPU.ActiveCfg = Debug|Any CPU
		{97FCEBD2-37E0-4C7B-92E3-9E16CD1731C7}.Debug|Any CPU.Build.0 = Debug|Any CPU
		{97FCEBD2-37E0-4C7B-92E3-9E16CD1731C7}.Release|Any CPU.ActiveCfg = Release|Any CPU
		{97FCEBD2-37E0-4C7B-92E3-9E16CD1731C7}.Release|Any CPU.Build.0 = Release|Any CPU
	EndGlobalSection
	GlobalSection(SolutionProperties) = preSolution
		HideSolutionNode = FALSE
	EndGlobalSection
	GlobalSection(ExtensibilityGlobals) = postSolution
		SolutionGuid = {E711EE13-5B08-47D6-9F00-2890DA574502}
	EndGlobalSection
EndGlobal
