
Microsoft Visual Studio Solution File, Format Version 12.00
# Visual Studio Version 16
VisualStudioVersion = 16.0.32802.440
MinimumVisualStudioVersion = 10.0.40219.1
Project("{FAE04EC0-301F-11D3-BF4B-00C04F79EFBC}") = "AccountingPackageApps", "AccountingPackageApps\AccountingPackageApps.csproj", "{8462C665-1E1B-4CA6-89AF-025A32E3E447}"
EndProject
Global
	GlobalSection(SolutionConfigurationPlatforms) = preSolution
		Debug|Any CPU = Debug|Any CPU
		Release|Any CPU = Release|Any CPU
	EndGlobalSection
	GlobalSection(ProjectConfigurationPlatforms) = postSolution
		{8462C665-1E1B-4CA6-89AF-025A32E3E447}.Debug|Any CPU.ActiveCfg = Debug|Any CPU
		{8462C665-1E1B-4CA6-89AF-025A32E3E447}.Debug|Any CPU.Build.0 = Debug|Any CPU
		{8462C665-1E1B-4CA6-89AF-025A32E3E447}.Release|Any CPU.ActiveCfg = Release|Any CPU
		{8462C665-1E1B-4CA6-89AF-025A32E3E447}.Release|Any CPU.Build.0 = Release|Any CPU
	EndGlobalSection
	GlobalSection(SolutionProperties) = preSolution
		HideSolutionNode = FALSE
	EndGlobalSection
	GlobalSection(ExtensibilityGlobals) = postSolution
		SolutionGuid = {03E00C86-1BA4-4BE5-9925-7C70B031971D}
	EndGlobalSection
EndGlobal
